
Microsoft Visual Studio Solution File, Format Version 12.00
# Visual Studio Version 16
VisualStudioVersion = 16.0.30523.141
MinimumVisualStudioVersion = 10.0.40219.1
Project("{FAE04EC0-301F-11D3-BF4B-00C04F79EFBC}") = "JSONParser", "JsonParser\JSONParser.csproj", "{43DCB23F-446C-4259-A6A7-C71AA300C885}"
EndProject
Project("{2150E333-8FDC-42A3-9474-1A3956D46DE8}") = "Solution Items", "Solution Items", "{B34E6AF0-CFD4-48E6-9E64-58AD59BA40B8}"
	ProjectSection(SolutionItems) = preProject
		JsonParser\testjson.json = JsonParser\testjson.json
	EndProjectSection
EndProject
Global
	GlobalSection(SolutionConfigurationPlatforms) = preSolution
		Debug|Any CPU = Debug|Any CPU
		Release|Any CPU = Release|Any CPU
	EndGlobalSection
	GlobalSection(ProjectConfigurationPlatforms) = postSolution
		{43DCB23F-446C-4259-A6A7-C71AA300C885}.Debug|Any CPU.ActiveCfg = Debug|Any CPU
		{43DCB23F-446C-4259-A6A7-C71AA300C885}.Debug|Any CPU.Build.0 = Debug|Any CPU
		{43DCB23F-446C-4259-A6A7-C71AA300C885}.Release|Any CPU.ActiveCfg = Release|Any CPU
		{43DCB23F-446C-4259-A6A7-C71AA300C885}.Release|Any CPU.Build.0 = Release|Any CPU
	EndGlobalSection
	GlobalSection(SolutionProperties) = preSolution
		HideSolutionNode = FALSE
	EndGlobalSection
	GlobalSection(ExtensibilityGlobals) = postSolution
		SolutionGuid = {C770358F-7DE2-47AB-90CA-635BE167D52A}
	EndGlobalSection
EndGlobal
